
Microsoft Visual Studio Solution File, Format Version 12.00
# Visual Studio 2012
Project("{FAE04EC0-301F-11D3-BF4B-00C04F79EFBC}") = "Meinershagen.Budgeting.Web", "Meinershagen.Budgeting.Web\Meinershagen.Budgeting.Web.csproj", "{400A13E3-89B0-4080-823A-F1BB0BBBB6E5}"
EndProject
Global
	GlobalSection(SolutionConfigurationPlatforms) = preSolution
		Debug|Any CPU = Debug|Any CPU
		Release|Any CPU = Release|Any CPU
	EndGlobalSection
	GlobalSection(ProjectConfigurationPlatforms) = postSolution
		{400A13E3-89B0-4080-823A-F1BB0BBBB6E5}.Debug|Any CPU.ActiveCfg = Debug|Any CPU
		{400A13E3-89B0-4080-823A-F1BB0BBBB6E5}.Debug|Any CPU.Build.0 = Debug|Any CPU
		{400A13E3-89B0-4080-823A-F1BB0BBBB6E5}.Release|Any CPU.ActiveCfg = Release|Any CPU
		{400A13E3-89B0-4080-823A-F1BB0BBBB6E5}.Release|Any CPU.Build.0 = Release|Any CPU
	EndGlobalSection
	GlobalSection(SolutionProperties) = preSolution
		HideSolutionNode = FALSE
	EndGlobalSection
EndGlobal
